
Microsoft Visual Studio Solution File, Format Version 12.00
# Visual Studio Version 16
VisualStudioVersion = 16.0.32126.315
MinimumVisualStudioVersion = 10.0.40219.1
Project("{8BC9CEB8-8B4A-11D0-8D11-00A0C91BC942}") = "Zadacha_1", "Zadacha_1\Zadacha_1.vcxproj", "{B73B2FC5-1D68-4E99-A6BC-38AF1C18D97E}"
EndProject
Global
	GlobalSection(SolutionConfigurationPlatforms) = preSolution
		Debug|x64 = Debug|x64
		Debug|x86 = Debug|x86
		Release|x64 = Release|x64
		Release|x86 = Release|x86
	EndGlobalSection
	GlobalSection(ProjectConfigurationPlatforms) = postSolution
		{B73B2FC5-1D68-4E99-A6BC-38AF1C18D97E}.Debug|x64.ActiveCfg = Debug|x64
		{B73B2FC5-1D68-4E99-A6BC-38AF1C18D97E}.Debug|x64.Build.0 = Debug|x64
		{B73B2FC5-1D68-4E99-A6BC-38AF1C18D97E}.Debug|x86.ActiveCfg = Debug|Win32
		{B73B2FC5-1D68-4E99-A6BC-38AF1C18D97E}.Debug|x86.Build.0 = Debug|Win32
		{B73B2FC5-1D68-4E99-A6BC-38AF1C18D97E}.Release|x64.ActiveCfg = Release|x64
		{B73B2FC5-1D68-4E99-A6BC-38AF1C18D97E}.Release|x64.Build.0 = Release|x64
		{B73B2FC5-1D68-4E99-A6BC-38AF1C18D97E}.Release|x86.ActiveCfg = Release|Win32
		{B73B2FC5-1D68-4E99-A6BC-38AF1C18D97E}.Release|x86.Build.0 = Release|Win32
	EndGlobalSection
	GlobalSection(SolutionProperties) = preSolution
		HideSolutionNode = FALSE
	EndGlobalSection
	GlobalSection(ExtensibilityGlobals) = postSolution
		SolutionGuid = {4DBEB59B-26BC-4DC3-A394-3144B12507DC}
	EndGlobalSection
EndGlobal
